
Microsoft Visual Studio Solution File, Format Version 12.00
# Visual Studio 15
Project("{FAE04EC0-301F-11D3-BF4B-00C04F79EFBC}") = "ForecastApp", "ForecastApp\ForecastApp.csproj", "{6E512B17-F5DE-47D6-A65E-B286EE06178A}"
EndProject
Project("{FAE04EC0-301F-11D3-BF4B-00C04F79EFBC}") = "ForecastApp.Droid", "Droid\ForecastApp.Droid.csproj", "{CDA32770-7630-46FB-9A08-0CC6206ED04F}"
EndProject
Global
	GlobalSection(SolutionConfigurationPlatforms) = preSolution
		Debug|Any CPU = Debug|Any CPU
		Release|Any CPU = Release|Any CPU
	EndGlobalSection
	GlobalSection(ProjectConfigurationPlatforms) = postSolution
		{6E512B17-F5DE-47D6-A65E-B286EE06178A}.Debug|Any CPU.ActiveCfg = Debug|Any CPU
		{6E512B17-F5DE-47D6-A65E-B286EE06178A}.Debug|Any CPU.Build.0 = Debug|Any CPU
		{6E512B17-F5DE-47D6-A65E-B286EE06178A}.Release|Any CPU.ActiveCfg = Release|Any CPU
		{6E512B17-F5DE-47D6-A65E-B286EE06178A}.Release|Any CPU.Build.0 = Release|Any CPU
		{CDA32770-7630-46FB-9A08-0CC6206ED04F}.Debug|Any CPU.ActiveCfg = Debug|Any CPU
		{CDA32770-7630-46FB-9A08-0CC6206ED04F}.Debug|Any CPU.Build.0 = Debug|Any CPU
		{CDA32770-7630-46FB-9A08-0CC6206ED04F}.Release|Any CPU.ActiveCfg = Release|Any CPU
		{CDA32770-7630-46FB-9A08-0CC6206ED04F}.Release|Any CPU.Build.0 = Release|Any CPU
	EndGlobalSection
EndGlobal
